{
    "version": 3,
    "terraform_version": "0.11.11",
    "serial": 19,
    "lineage": "6a974588-0eb6-bae8-2ba9-49f2fff92f23",
    "modules": [
        {
            "path": [
                "root"
            ],
            "outputs": {},
            "resources": {
                "aws_autoscaling_group.example": {
                    "type": "aws_autoscaling_group",
                    "depends_on": [
                        "aws_launch_configuration.example",
                        "data.aws_availability_zone.first"
                    ],
                    "primary": {
                        "id": "tf-asg-20191106145745939200000002",
                        "attributes": {
                            "arn": "arn:aws:autoscaling:eu-west-2:032269823395:autoScalingGroup:96f96fab-a917-40f3-9ee9-58a7b2afe6db:autoScalingGroupName/tf-asg-20191106145745939200000002",
                            "availability_zones.#": "1",
                            "availability_zones.3230292939": "eu-west-2a",
                            "default_cooldown": "300",
                            "desired_capacity": "2",
                            "enabled_metrics.#": "0",
                            "force_delete": "false",
                            "health_check_grace_period": "300",
                            "health_check_type": "EC2",
                            "id": "tf-asg-20191106145745939200000002",
                            "launch_configuration": "terraform-20191106145743384100000001",
                            "launch_template.#": "0",
                            "load_balancers.#": "0",
                            "max_size": "5",
                            "metrics_granularity": "1Minute",
                            "min_size": "2",
                            "mixed_instances_policy.#": "0",
                            "name": "tf-asg-20191106145745939200000002",
                            "placement_group": "",
                            "protect_from_scale_in": "false",
                            "service_linked_role_arn": "arn:aws:iam::032269823395:role/aws-service-role/autoscaling.amazonaws.com/AWSServiceRoleForAutoScaling",
                            "suspended_processes.#": "0",
                            "tag.#": "1",
                            "tag.2526859457.key": "Name",
                            "tag.2526859457.propagate_at_launch": "true",
                            "tag.2526859457.value": "autoscale",
                            "target_group_arns.#": "0",
                            "termination_policies.#": "0",
                            "vpc_zone_identifier.#": "0",
                            "wait_for_capacity_timeout": "10m"
                        },
                        "meta": {
                            "e2bfb730-ecaa-11e6-8f88-34363bc7c4c0": {
                                "delete": 600000000000
                            }
                        },
                        "tainted": false
                    },
                    "deposed": [],
                    "provider": "provider.aws"
                },
                "aws_autoscaling_schedule.example": {
                    "type": "aws_autoscaling_schedule",
                    "depends_on": [
                        "aws_autoscaling_group.example"
                    ],
                    "primary": {
                        "id": "christmas",
                        "attributes": {
                            "arn": "arn:aws:autoscaling:eu-west-2:032269823395:scheduledUpdateGroupAction:bc2d8611-5382-432d-a54f-c4027b667f10:autoScalingGroupName/tf-asg-20191106145745939200000002:scheduledActionName/christmas",
                            "autoscaling_group_name": "tf-asg-20191106145745939200000002",
                            "desired_capacity": "4",
                            "end_time": "2019-12-25T06:00:00Z",
                            "id": "christmas",
                            "max_size": "5",
                            "min_size": "4",
                            "recurrence": "",
                            "scheduled_action_name": "christmas",
                            "start_time": "2019-12-24T18:00:00Z"
                        },
                        "meta": {},
                        "tainted": false
                    },
                    "deposed": [],
                    "provider": "provider.aws"
                },
                "aws_launch_configuration.example": {
                    "type": "aws_launch_configuration",
                    "depends_on": [
                        "aws_security_group.instance"
                    ],
                    "primary": {
                        "id": "terraform-20191106145743384100000001",
                        "attributes": {
                            "associate_public_ip_address": "false",
                            "ebs_block_device.#": "0",
                            "ebs_optimized": "false",
                            "enable_monitoring": "true",
                            "ephemeral_block_device.#": "0",
                            "iam_instance_profile": "",
                            "id": "terraform-20191106145743384100000001",
                            "image_id": "ami-00e8b55a2e841be44",
                            "instance_type": "t2.micro",
                            "key_name": "",
                            "name": "terraform-20191106145743384100000001",
                            "root_block_device.#": "0",
                            "security_groups.#": "1",
                            "security_groups.443217247": "sg-011eb489518b6178e",
                            "spot_price": "",
                            "user_data": "a23303db96c7e456b5486076aff712074a7898c3",
                            "vpc_classic_link_id": "",
                            "vpc_classic_link_security_groups.#": "0"
                        },
                        "meta": {},
                        "tainted": false
                    },
                    "deposed": [],
                    "provider": "provider.aws"
                },
                "aws_security_group.instance": {
                    "type": "aws_security_group",
                    "depends_on": [],
                    "primary": {
                        "id": "sg-011eb489518b6178e",
                        "attributes": {
                            "arn": "arn:aws:ec2:eu-west-2:032269823395:security-group/sg-011eb489518b6178e",
                            "description": "Managed by Terraform",
                            "egress.#": "0",
                            "id": "sg-011eb489518b6178e",
                            "ingress.#": "3",
                            "ingress.2214680975.cidr_blocks.#": "1",
                            "ingress.2214680975.cidr_blocks.0": "0.0.0.0/0",
                            "ingress.2214680975.description": "",
                            "ingress.2214680975.from_port": "80",
                            "ingress.2214680975.ipv6_cidr_blocks.#": "0",
                            "ingress.2214680975.prefix_list_ids.#": "0",
                            "ingress.2214680975.protocol": "tcp",
                            "ingress.2214680975.security_groups.#": "0",
                            "ingress.2214680975.self": "false",
                            "ingress.2214680975.to_port": "80",
                            "ingress.2541437006.cidr_blocks.#": "1",
                            "ingress.2541437006.cidr_blocks.0": "0.0.0.0/0",
                            "ingress.2541437006.description": "",
                            "ingress.2541437006.from_port": "22",
                            "ingress.2541437006.ipv6_cidr_blocks.#": "0",
                            "ingress.2541437006.prefix_list_ids.#": "0",
                            "ingress.2541437006.protocol": "tcp",
                            "ingress.2541437006.security_groups.#": "0",
                            "ingress.2541437006.self": "false",
                            "ingress.2541437006.to_port": "22",
                            "ingress.516175195.cidr_blocks.#": "1",
                            "ingress.516175195.cidr_blocks.0": "0.0.0.0/0",
                            "ingress.516175195.description": "",
                            "ingress.516175195.from_port": "8080",
                            "ingress.516175195.ipv6_cidr_blocks.#": "0",
                            "ingress.516175195.prefix_list_ids.#": "0",
                            "ingress.516175195.protocol": "tcp",
                            "ingress.516175195.security_groups.#": "0",
                            "ingress.516175195.self": "false",
                            "ingress.516175195.to_port": "8080",
                            "name": "terraform-example-instance",
                            "owner_id": "032269823395",
                            "revoke_rules_on_delete": "false",
                            "tags.%": "0",
                            "vpc_id": "vpc-a26f1eca"
                        },
                        "meta": {
                            "e2bfb730-ecaa-11e6-8f88-34363bc7c4c0": {
                                "create": 600000000000,
                                "delete": 600000000000
                            },
                            "schema_version": "1"
                        },
                        "tainted": false
                    },
                    "deposed": [],
                    "provider": "provider.aws"
                },
                "data.aws_availability_zone.first": {
                    "type": "aws_availability_zone",
                    "depends_on": [],
                    "primary": {
                        "id": "eu-west-2a",
                        "attributes": {
                            "id": "eu-west-2a",
                            "name": "eu-west-2a",
                            "name_suffix": "a",
                            "region": "eu-west-2",
                            "state": "available",
                            "zone_id": "euw2-az2"
                        },
                        "meta": {},
                        "tainted": false
                    },
                    "deposed": [],
                    "provider": "provider.aws"
                }
            },
            "depends_on": []
        }
    ]
}
